
Microsoft Visual Studio Solution File, Format Version 12.00
# Visual Studio Version 16
VisualStudioVersion = 16.0.31424.327
MinimumVisualStudioVersion = 10.0.40219.1
Project("{FAE04EC0-301F-11D3-BF4B-00C04F79EFBC}") = "rev_dll", "rev_dll.csproj", "{A7F3253D-F294-4D53-81A6-D9CED3DC75D3}"
EndProject
Global
	GlobalSection(SolutionConfigurationPlatforms) = preSolution
		Debug|Any CPU = Debug|Any CPU
		Debug|x64 = Debug|x64
		Release|Any CPU = Release|Any CPU
		Release|x64 = Release|x64
	EndGlobalSection
	GlobalSection(ProjectConfigurationPlatforms) = postSolution
		{A7F3253D-F294-4D53-81A6-D9CED3DC75D3}.Debug|Any CPU.ActiveCfg = Debug|Any CPU
		{A7F3253D-F294-4D53-81A6-D9CED3DC75D3}.Debug|Any CPU.Build.0 = Debug|Any CPU
		{A7F3253D-F294-4D53-81A6-D9CED3DC75D3}.Debug|x64.ActiveCfg = Debug|x64
		{A7F3253D-F294-4D53-81A6-D9CED3DC75D3}.Debug|x64.Build.0 = Debug|x64
		{A7F3253D-F294-4D53-81A6-D9CED3DC75D3}.Release|Any CPU.ActiveCfg = Release|Any CPU
		{A7F3253D-F294-4D53-81A6-D9CED3DC75D3}.Release|Any CPU.Build.0 = Release|Any CPU
		{A7F3253D-F294-4D53-81A6-D9CED3DC75D3}.Release|x64.ActiveCfg = Release|x64
		{A7F3253D-F294-4D53-81A6-D9CED3DC75D3}.Release|x64.Build.0 = Release|x64
	EndGlobalSection
	GlobalSection(SolutionProperties) = preSolution
		HideSolutionNode = FALSE
	EndGlobalSection
	GlobalSection(ExtensibilityGlobals) = postSolution
		SolutionGuid = {19132791-85E2-4A01-A585-FB85C1A55DEC}
	EndGlobalSection
EndGlobal
